{
  "nodes": {
    "cpiotools": {
      "inputs": {
        "nixpkgs": "nixpkgs"
      },
      "locked": {
        "lastModified": 1655642194,
        "narHash": "sha256-PHF4K1sLixSDM7lvMpuCj4ygLHGEZFQzzGIGMhsE8K0=",
        "owner": "DeterminateSystems",
        "repo": "cpiotools",
        "rev": "926af143c453d387b585c52d5004fb5fe70fe730",
        "type": "github"
      },
      "original": {
        "owner": "DeterminateSystems",
        "repo": "cpiotools",
        "type": "github"
      }
    },
    "flake-compat": {
      "flake": false,
      "locked": {
        "lastModified": 1650374568,
        "narHash": "sha256-Z+s0J8/r907g149rllvwhb4pKi8Wam5ij0st8PwAh+E=",
        "owner": "edolstra",
        "repo": "flake-compat",
        "rev": "b4a34015c698c7793d592d66adbab377907a2be8",
        "type": "github"
      },
      "original": {
        "owner": "edolstra",
        "repo": "flake-compat",
        "type": "github"
      }
    },
    "flake-utils": {
      "locked": {
        "lastModified": 1652776076,
        "narHash": "sha256-gzTw/v1vj4dOVbpBSJX4J0DwUR6LIyXo7/SuuTJp1kM=",
        "owner": "numtide",
        "repo": "flake-utils",
        "rev": "04c1b180862888302ddfb2e3ad9eaa63afc60cf8",
        "type": "github"
      },
      "original": {
        "owner": "numtide",
        "repo": "flake-utils",
        "type": "github"
      }
    },
    "home-manager": {
      "inputs": {
        "nixpkgs": [
          "nixpkgs"
        ]
      },
      "locked": {
        "lastModified": 1653518057,
        "narHash": "sha256-cam3Nfae5ADeEs6mRPzr0jXB7+DhyMIXz0/0Q13r/yk=",
        "owner": "nix-community",
        "repo": "home-manager",
        "rev": "64831f938bd413cefde0b0cf871febc494afaa4f",
        "type": "github"
      },
      "original": {
        "owner": "nix-community",
        "ref": "master",
        "repo": "home-manager",
        "type": "github"
      }
    },
    "nix-darwin": {
      "inputs": {
        "nixpkgs": [
          "nixpkgs"
        ]
      },
      "locked": {
        "lastModified": 1651916036,
        "narHash": "sha256-UuD9keUGm4IuVEV6wdSYbuRm7CwfXE63hVkzKDjVsh4=",
        "owner": "LnL7",
        "repo": "nix-darwin",
        "rev": "2f2bdf658d2b79bada78dc914af99c53cad37cba",
        "type": "github"
      },
      "original": {
        "owner": "LnL7",
        "repo": "nix-darwin",
        "type": "github"
      }
    },
    "nix-netboot-serve": {
      "inputs": {
        "cpiotools": "cpiotools",
        "nixpkgs": "nixpkgs_2"
      },
      "locked": {
        "lastModified": 1656022643,
        "narHash": "sha256-A5HgP96jpAZ0ntUx5ADL1WYmqI+Gp3d9R9HSdcby7yg=",
        "owner": "DeterminateSystems",
        "repo": "nix-netboot-serve",
        "rev": "ba0933e917e916b4983b9b4b2e6d8136a07b5876",
        "type": "github"
      },
      "original": {
        "owner": "DeterminateSystems",
        "repo": "nix-netboot-serve",
        "type": "github"
      }
    },
    "nixpkgs": {
      "locked": {
        "lastModified": 1655567057,
        "narHash": "sha256-Cc5hQSMsTzOHmZnYm8OSJ5RNUp22bd5NADWLHorULWQ=",
        "owner": "nixos",
        "repo": "nixpkgs",
        "rev": "e0a42267f73ea52adc061a64650fddc59906fc99",
        "type": "github"
      },
      "original": {
        "owner": "nixos",
        "ref": "nixos-unstable",
        "repo": "nixpkgs",
        "type": "github"
      }
    },
    "nixpkgs-21_11": {
      "locked": {
        "lastModified": 1653132211,
        "narHash": "sha256-5ugEYisGqixwarfn3BJvuWDnO6gT/AoxlsA6jnG8Fv8=",
        "owner": "NixOS",
        "repo": "nixpkgs",
        "rev": "b5991e4971523a5fcc9413b9003b58e5c15aa7d8",
        "type": "github"
      },
      "original": {
        "owner": "NixOS",
        "ref": "release-21.11",
        "repo": "nixpkgs",
        "type": "github"
      }
    },
    "nixpkgs-22_05": {
      "locked": {
        "lastModified": 1653460991,
        "narHash": "sha256-8MgFe84UUKw5k5MybirNH0S+oSluN2cRQGt+ZkW+dxQ=",
        "owner": "NixOS",
        "repo": "nixpkgs",
        "rev": "0c3bf3a5c3ab6be29138b88900c417660a284fbd",
        "type": "github"
      },
      "original": {
        "owner": "NixOS",
        "ref": "release-22.05",
        "repo": "nixpkgs",
        "type": "github"
      }
    },
    "nixpkgs_2": {
      "locked": {
        "lastModified": 1655306633,
        "narHash": "sha256-nv4FfWWV/dEelByjXJtJkoDPOHIsKfLq50RN3Hqq5Yk=",
        "owner": "nixos",
        "repo": "nixpkgs",
        "rev": "b1957596ff1c7aa8c55c4512b7ad1c9672502e8e",
        "type": "github"
      },
      "original": {
        "owner": "nixos",
        "ref": "nixos-unstable",
        "repo": "nixpkgs",
        "type": "github"
      }
    },
    "nixpkgs_3": {
      "locked": {
        "lastModified": 1653618409,
        "narHash": "sha256-8KnFUCZRqT86h8G33fBsPLkXKfLN05s72zFmtVmt+gA=",
        "owner": "nixos",
        "repo": "nixpkgs",
        "rev": "03eb4fd7ae049f4db4c196956b33afbe0a9ceaae",
        "type": "github"
      },
      "original": {
        "owner": "nixos",
        "ref": "nixos-unstable-small",
        "repo": "nixpkgs",
        "type": "github"
      }
    },
    "nixpkgs_4": {
      "locked": {
        "lastModified": 1653058418,
        "narHash": "sha256-rr+NP3ak+BU1tBye27jPIp2OrOr/742wNPdVqyHeB4c=",
        "owner": "NixOS",
        "repo": "nixpkgs",
        "rev": "f2db28ca7cca3f0e8ff74b65c5326f0dc0483288",
        "type": "github"
      },
      "original": {
        "owner": "NixOS",
        "ref": "nixpkgs-unstable",
        "repo": "nixpkgs",
        "type": "github"
      }
    },
    "nur": {
      "locked": {
        "lastModified": 1653644476,
        "narHash": "sha256-/CLFYMHQvoMtdg9QxBGgwTPGFcetqnnyDKA0agCJABs=",
        "owner": "nix-community",
        "repo": "NUR",
        "rev": "7d0a3fef248bc5f6b81124e49100b55c495b27cf",
        "type": "github"
      },
      "original": {
        "owner": "nix-community",
        "repo": "NUR",
        "type": "github"
      }
    },
    "pre-commit-hooks": {
      "inputs": {
        "flake-utils": [
          "flake-utils"
        ],
        "nixpkgs": [
          "nixpkgs"
        ]
      },
      "locked": {
        "lastModified": 1652714503,
        "narHash": "sha256-qQKVEfDe5FqvGgkZtg5Pc491foeiDPIOeycHMqnPDps=",
        "owner": "cachix",
        "repo": "pre-commit-hooks.nix",
        "rev": "521a524771a8e93caddaa0ac1d67d03766a8b0b3",
        "type": "github"
      },
      "original": {
        "owner": "cachix",
        "repo": "pre-commit-hooks.nix",
        "type": "github"
      }
    },
    "radarr_fix": {
      "locked": {
        "lastModified": 1649447112,
        "narHash": "sha256-yLgoNZk6mp8UQaoBd1P7kjWOAPk/iWddJv00AT35qQY=",
        "owner": "GoogleBot42",
        "repo": "nixpkgs",
        "rev": "4cc6fa7005d421865840a315d649951c4206d725",
        "type": "github"
      },
      "original": {
        "owner": "GoogleBot42",
        "repo": "nixpkgs",
        "rev": "4cc6fa7005d421865840a315d649951c4206d725",
        "type": "github"
      }
    },
    "root": {
      "inputs": {
        "flake-compat": "flake-compat",
        "flake-utils": "flake-utils",
        "home-manager": "home-manager",
        "nix-darwin": "nix-darwin",
        "nix-netboot-serve": "nix-netboot-serve",
        "nixpkgs": "nixpkgs_3",
        "nur": "nur",
        "pre-commit-hooks": "pre-commit-hooks",
        "radarr_fix": "radarr_fix",
        "sops-nix": "sops-nix"
      }
    },
    "sops-nix": {
      "inputs": {
        "nixpkgs": "nixpkgs_4",
        "nixpkgs-21_11": "nixpkgs-21_11",
        "nixpkgs-22_05": "nixpkgs-22_05"
      },
      "locked": {
        "lastModified": 1653462763,
        "narHash": "sha256-n0beO7WNvAeEtTtnetzQCaGs615tU/DfM97k8r/7bUw=",
        "owner": "Mic92",
        "repo": "sops-nix",
        "rev": "7385b12722ce903e477878147794bed9040227e2",
        "type": "github"
      },
      "original": {
        "owner": "Mic92",
        "repo": "sops-nix",
        "type": "github"
      }
    }
  },
  "root": "root",
  "version": 7
}
